
Microsoft Visual Studio Solution File, Format Version 12.00
# Visual Studio Version 17
VisualStudioVersion = 17.14.36327.8 d17.14
MinimumVisualStudioVersion = 10.0.40219.1
Project("{FAE04EC0-301F-11D3-BF4B-00C04F79EFBC}") = "FirstAidAPI", "FirstAidAPI.csproj", "{6DCD0980-8389-4EB6-9C26-06AC4F81A373}"
EndProject
Global
	GlobalSection(SolutionConfigurationPlatforms) = preSolution
		Debug|Any CPU = Debug|Any CPU
		Release|Any CPU = Release|Any CPU
	EndGlobalSection
	GlobalSection(ProjectConfigurationPlatforms) = postSolution
		{6DCD0980-8389-4EB6-9C26-06AC4F81A373}.Debug|Any CPU.ActiveCfg = Debug|Any CPU
		{6DCD0980-8389-4EB6-9C26-06AC4F81A373}.Debug|Any CPU.Build.0 = Debug|Any CPU
		{6DCD0980-8389-4EB6-9C26-06AC4F81A373}.Release|Any CPU.ActiveCfg = Release|Any CPU
		{6DCD0980-8389-4EB6-9C26-06AC4F81A373}.Release|Any CPU.Build.0 = Release|Any CPU
	EndGlobalSection
	GlobalSection(SolutionProperties) = preSolution
		HideSolutionNode = FALSE
	EndGlobalSection
	GlobalSection(ExtensibilityGlobals) = postSolution
		SolutionGuid = {548E2B5D-718A-455C-879E-CBD64E0E4A47}
	EndGlobalSection
EndGlobal
